
Microsoft Visual Studio Solution File, Format Version 12.00
# Visual Studio Version 17
VisualStudioVersion = 17.8.34309.116
MinimumVisualStudioVersion = 10.0.40219.1
Project("{8BC9CEB8-8B4A-11D0-8D11-00A0C91BC942}") = "11", "11\11.vcxproj", "{D3185D0D-B117-4A3C-859B-352CBA9FBD5D}"
EndProject
Project("{8BC9CEB8-8B4A-11D0-8D11-00A0C91BC942}") = "UnitTest1", "UnitTest1\UnitTest1.vcxproj", "{719DACA5-64D3-40BA-B19C-670043A7F498}"
EndProject
Global
	GlobalSection(SolutionConfigurationPlatforms) = preSolution
		Debug|x64 = Debug|x64
		Debug|x86 = Debug|x86
		Release|x64 = Release|x64
		Release|x86 = Release|x86
	EndGlobalSection
	GlobalSection(ProjectConfigurationPlatforms) = postSolution
		{D3185D0D-B117-4A3C-859B-352CBA9FBD5D}.Debug|x64.ActiveCfg = Debug|x64
		{D3185D0D-B117-4A3C-859B-352CBA9FBD5D}.Debug|x64.Build.0 = Debug|x64
		{D3185D0D-B117-4A3C-859B-352CBA9FBD5D}.Debug|x86.ActiveCfg = Debug|Win32
		{D3185D0D-B117-4A3C-859B-352CBA9FBD5D}.Debug|x86.Build.0 = Debug|Win32
		{D3185D0D-B117-4A3C-859B-352CBA9FBD5D}.Release|x64.ActiveCfg = Release|x64
		{D3185D0D-B117-4A3C-859B-352CBA9FBD5D}.Release|x64.Build.0 = Release|x64
		{D3185D0D-B117-4A3C-859B-352CBA9FBD5D}.Release|x86.ActiveCfg = Release|Win32
		{D3185D0D-B117-4A3C-859B-352CBA9FBD5D}.Release|x86.Build.0 = Release|Win32
		{719DACA5-64D3-40BA-B19C-670043A7F498}.Debug|x64.ActiveCfg = Debug|x64
		{719DACA5-64D3-40BA-B19C-670043A7F498}.Debug|x64.Build.0 = Debug|x64
		{719DACA5-64D3-40BA-B19C-670043A7F498}.Debug|x86.ActiveCfg = Debug|Win32
		{719DACA5-64D3-40BA-B19C-670043A7F498}.Debug|x86.Build.0 = Debug|Win32
		{719DACA5-64D3-40BA-B19C-670043A7F498}.Release|x64.ActiveCfg = Release|x64
		{719DACA5-64D3-40BA-B19C-670043A7F498}.Release|x64.Build.0 = Release|x64
		{719DACA5-64D3-40BA-B19C-670043A7F498}.Release|x86.ActiveCfg = Release|Win32
		{719DACA5-64D3-40BA-B19C-670043A7F498}.Release|x86.Build.0 = Release|Win32
	EndGlobalSection
	GlobalSection(SolutionProperties) = preSolution
		HideSolutionNode = FALSE
	EndGlobalSection
	GlobalSection(ExtensibilityGlobals) = postSolution
		SolutionGuid = {DED46437-1539-4CF1-AE2F-CC830000F4FB}
	EndGlobalSection
EndGlobal
